# This file is generated by running "yarn install" inside your project.
# Manual changes might be lost - proceed with caution!

__metadata:
  version: 8
  cacheKey: 10c0

"@submodule/core@npm:6.0.0-rc.1":
  version: 6.0.0-rc.1
  resolution: "@submodule/core@npm:6.0.0-rc.1"
  checksum: 10c0/b8d8df2c6541d2c90a78857860bf9bea9f0c204722fb70cfc07cfcc0fcfc58a0747888384e84e4244477db29d981ca58cc4c3e72abeef25975a218a8f20c915c
  languageName: node
  linkType: hard

"submodule-101@workspace:.":
  version: 0.0.0-use.local
  resolution: "submodule-101@workspace:."
  dependencies:
    "@submodule/core": "npm:6.0.0-rc.1"
  languageName: unknown
  linkType: soft
